
Microsoft Visual Studio Solution File, Format Version 12.00
# Visual Studio Version 17
VisualStudioVersion = 17.10.34928.147
MinimumVisualStudioVersion = 10.0.40219.1
Project("{FAE04EC0-301F-11D3-BF4B-00C04F79EFBC}") = "PruebaTecnica.API", "PruebaTecnica.API\PruebaTecnica.API.csproj", "{330BD958-87DB-4D67-BB49-3A372750185C}"
EndProject
Project("{FAE04EC0-301F-11D3-BF4B-00C04F79EFBC}") = "PruebaTecnica.Domain", "PruebaTecnica.Domain\PruebaTecnica.Domain.csproj", "{23442EE1-2C15-4ED8-A697-C63D532BD226}"
EndProject
Global
	GlobalSection(SolutionConfigurationPlatforms) = preSolution
		Debug|Any CPU = Debug|Any CPU
		Release|Any CPU = Release|Any CPU
	EndGlobalSection
	GlobalSection(ProjectConfigurationPlatforms) = postSolution
		{330BD958-87DB-4D67-BB49-3A372750185C}.Debug|Any CPU.ActiveCfg = Debug|Any CPU
		{330BD958-87DB-4D67-BB49-3A372750185C}.Debug|Any CPU.Build.0 = Debug|Any CPU
		{330BD958-87DB-4D67-BB49-3A372750185C}.Release|Any CPU.ActiveCfg = Release|Any CPU
		{330BD958-87DB-4D67-BB49-3A372750185C}.Release|Any CPU.Build.0 = Release|Any CPU
		{23442EE1-2C15-4ED8-A697-C63D532BD226}.Debug|Any CPU.ActiveCfg = Debug|Any CPU
		{23442EE1-2C15-4ED8-A697-C63D532BD226}.Debug|Any CPU.Build.0 = Debug|Any CPU
		{23442EE1-2C15-4ED8-A697-C63D532BD226}.Release|Any CPU.ActiveCfg = Release|Any CPU
		{23442EE1-2C15-4ED8-A697-C63D532BD226}.Release|Any CPU.Build.0 = Release|Any CPU
	EndGlobalSection
	GlobalSection(SolutionProperties) = preSolution
		HideSolutionNode = FALSE
	EndGlobalSection
	GlobalSection(ExtensibilityGlobals) = postSolution
		SolutionGuid = {3512F50A-86A9-4DEC-9D6B-6C86E7B07A25}
	EndGlobalSection
EndGlobal
